github.com/bradfitz/gomemcache v0.0.0-20220106215444-fb4bf637b56d h1:pVrfxiGfwelyab6n21ZBkbkmbevaf+WvMIiR7sr97hw=
github.com/bradfitz/gomemcache v0.0.0-20220106215444-fb4bf637b56d/go.mod h1:H0wQNHz2YrLsuXOZozoeDmnHXkNCRmMW0gwFWDfEZDA=
github.com/bradfitz/gomemcache v0.0.0-20230905024940-24af94b03874 h1:N7oVaKyGp8bttX0bfZGmcGkjz7DLQXhAn3DNd3T0ous=
github.com/bradfitz/gomemcache v0.0.0-20230905024940-24af94b03874/go.mod h1:r5xuitiExdLAJ09PR7vBVENGvp4ZuTBeWTGtxuX3K+c=
